// !$*UTF8*$!
{
	archiveVersion = 1;
	classes = {
	};
	objectVersion = 46;
	objects = {

/* Begin PBXBuildFile section */
		046BA6F61D06624700AB165A /* main.m in Sources */ = {isa = PBXBuildFile; fileRef = 046BA6F51D06624700AB165A /* main.m */; };
		046BA6F91D06624700AB165A /* AppDelegate.m in Sources */ = {isa = PBXBuildFile; fileRef = 046BA6F81D06624700AB165A /* AppDelegate.m */; };
		046BA6FC1D06624700AB165A /* ViewController.m in Sources */ = {isa = PBXBuildFile; fileRef = 046BA6FB1D06624700AB165A /* ViewController.m */; };
		046BA6FF1D06624700AB165A /* Main.storyboard in Resources */ = {isa = PBXBuildFile; fileRef = 046BA6FD1D06624700AB165A /* Main.storyboard */; };
		046BA7011D06624700AB165A /* Assets.xcassets in Resources */ = {isa = PBXBuildFile; fileRef = 046BA7001D06624700AB165A /* Assets.xcassets */; };
		046BA7041D06624700AB165A /* LaunchScreen.storyboard in Resources */ = {isa = PBXBuildFile; fileRef = 046BA7021D06624700AB165A /* LaunchScreen.storyboard */; };
/* End PBXBuildFile section */

/* Begin PBXFileReference section */
		046BA6F11D06624700AB165A /* GitTest.app */ = {isa = PBXFileReference; explicitFileType = wrapper.application; includeInIndex = 0; path = GitTest.app; sourceTree = BUILT_PRODUCTS_DIR; };
		046BA6F51D06624700AB165A /* main.m */ = {isa = PBXFileReference; lastKnownFileType = sourcecode.c.objc; path = main.m; sourceTree = "<group>"; };
		046BA6F71D06624700AB165A /* AppDelegate.h */ = {isa = PBXFileReference; lastKnownFileType = sourcecode.c.h; path = AppDelegate.h; sourceTree = "<group>"; };
		046BA6F81D06624700AB165A /* AppDelegate.m */ = {isa = PBXFileReference; lastKnownFileType = sourcecode.c.objc; path = AppDelegate.m; sourceTree = "<group>"; };
		046BA6FA1D06624700AB165A /* ViewController.h */ = {isa = PBXFileReference; lastKnownFileType = sourcecode.c.h; path = ViewController.h; sourceTree = "<group>"; };
		046BA6FB1D06624700AB165A /* ViewController.m */ = {isa = PBXFileReference; lastKnownFileType = sourcecode.c.objc; path = ViewController.m; sourceTree = "<group>"; };
		046BA6FE1D06624700AB165A /* Base */ = {isa = PBXFileReference; lastKnownFileType = file.storyboard; name = Base; path = Base.lproj/Main.storyboard; sourceTree = "<group>"; };
		046BA7001D06624700AB165A /* Assets.xcassets */ = {isa = PBXFileReference; lastKnownFileType = folder.assetcatalog; path = Assets.xcassets; sourceTree = "<group>"; };
		046BA7031D06624700AB165A /* Base */ = {isa = PBXFileReference; lastKnownFileType = file.storyboard; name = Base; path = Base.lproj/LaunchScreen.storyboard; sourceTree = "<group>"; };
		046BA7051D06624700AB165A /* Info.plist */ = {isa = PBXFileReference; lastKnownFileType = text.plist.xml; path = Info.plist; sourceTree = "<group>"; };
/* End PBXFileReference section */

/* Begin PBXFrameworksBuildPhase section */
		046BA6EE1D06624700AB165A /* Frameworks */ = {
			isa = PBXFrameworksBuildPhase;
			buildActionMask = 2147483647;
			files = (
			);
			runOnlyForDeploymentPostprocessing = 0;
		};
/* End PBXFrameworksBuildPhase section */

/* Begin PBXGroup section */
		046BA6E81D06624700AB165A = {
			isa = PBXGroup;
			children = (
				046BA6F31D06624700AB165A /* GitTest */,
				046BA6F21D06624700AB165A /* Products */,
			);
			sourceTree = "<group>";
		};
		046BA6F21D06624700AB165A /* Products */ = {
			isa = PBXGroup;
			children = (
				046BA6F11D06624700AB165A /* GitTest.app */,
			);
			name = Products;
			sourceTree = "<group>";
		};
		046BA6F31D06624700AB165A /* GitTest */ = {
			isa = PBXGroup;
			children = (
				046BA6F71D06624700AB165A /* AppDelegate.h */,
				046BA6F81D06624700AB165A /* AppDelegate.m */,
				046BA6FA1D06624700AB165A /* ViewController.h */,
				046BA6FB1D06624700AB165A /* ViewController.m */,
				046BA6FD1D06624700AB165A /* Main.storyboard */,
				046BA7001D06624700AB165A /* Assets.xcassets */,
				046BA7021D06624700AB165A /* LaunchScreen.storyboard */,
				046BA7051D06624700AB165A /* Info.plist */,
				046BA6F41D06624700AB165A /* Supporting Files */,
			);
			path = GitTest;
			sourceTree = "<group>";
		};
		046BA6F41D06624700AB165A /* Supporting Files */ = {
			isa = PBXGroup;
			children = (
				046BA6F51D06624700AB165A /* main.m */,
			);
			name = "Supporting Files";
			sourceTree = "<group>";
		};
/* End PBXGroup section */

/* Begin PBXNativeTarget section */
		046BA6F01D06624700AB165A /* GitTest */ = {
			isa = PBXNativeTarget;
			buildConfigurationList = 046BA7081D06624700AB165A /* Build configuration list for PBXNativeTarget "GitTest" */;
			buildPhases = (
				046BA6ED1D06624700AB165A /* Sources */,
				046BA6EE1D06624700AB165A /* Frameworks */,
				046BA6EF1D06624700AB165A /* Resources */,
			);
			buildRules = (
			);
			dependencies = (
			);
			name = GitTest;
			productName = GitTest;
			productReference = 046BA6F11D06624700AB165A /* GitTest.app */;
			productType = "com.apple.product-type.application";
		};
/* End PBXNativeTarget section */

/* Begin PBXProject section */
		046BA6E91D06624700AB165A /* Project object */ = {
			isa = PBXProject;
			attributes = {
				LastUpgradeCheck = 0720;
				ORGANIZATIONNAME = Zhiyou;
				TargetAttributes = {
					046BA6F01D06624700AB165A = {
						CreatedOnToolsVersion = 7.2;
					};
				};
			};
			buildConfigurationList = 046BA6EC1D06624700AB165A /* Build configuration list for PBXProject "GitTest" */;
			compatibilityVersion = "Xcode 3.2";
			developmentRegion = English;
			hasScannedForEncodings = 0;
			knownRegions = (
				en,
				Base,
			);
			mainGroup = 046BA6E81D06624700AB165A;
			productRefGroup = 046BA6F21D06624700AB165A /* Products */;
			projectDirPath = "";
			projectRoot = "";
			targets = (
				046BA6F01D06624700AB165A /* GitTest */,
			);
		};
/* End PBXProject section */

/* Begin PBXResourcesBuildPhase section */
		046BA6EF1D06624700AB165A /* Resources */ = {
			isa = PBXResourcesBuildPhase;
			buildActionMask = 2147483647;
			files = (
				046BA7041D06624700AB165A /* LaunchScreen.storyboard in Resources */,
				046BA7011D06624700AB165A /* Assets.xcassets in Resources */,
				046BA6FF1D06624700AB165A /* Main.storyboard in Resources */,
			);
			runOnlyForDeploymentPostprocessing = 0;
		};
/* End PBXResourcesBuildPhase section */

/* Begin PBXSourcesBuildPhase section */
		046BA6ED1D06624700AB165A /* Sources */ = {
			isa = PBXSourcesBuildPhase;
			buildActionMask = 2147483647;
			files = (
				046BA6FC1D06624700AB165A /* ViewController.m in Sources */,
				046BA6F91D06624700AB165A /* AppDelegate.m in Sources */,
				046BA6F61D06624700AB165A /* main.m in Sources */,
			);
			runOnlyForDeploymentPostprocessing = 0;
		};
/* End PBXSourcesBuildPhase section */

/* Begin PBXVariantGroup section */
		046BA6FD1D06624700AB165A /* Main.storyboard */ = {
			isa = PBXVariantGroup;
			children = (
				046BA6FE1D06624700AB165A /* Base */,
			);
			name = Main.storyboard;
			sourceTree = "<group>";
		};
		046BA7021D06624700AB165A /* LaunchScreen.storyboard */ = {
			isa = PBXVariantGroup;
			children = (
				046BA7031D06624700AB165A /* Base */,
			);
			name = LaunchScreen.storyboard;
			sourceTree = "<group>";
		};
/* End PBXVariantGroup section */

/* Begin XCBuildConfiguration section */
		046BA7061D06624700AB165A /* Debug */ = {
			isa = XCBuildConfiguration;
			buildSettings = {
				ALWAYS_SEARCH_USER_PATHS = NO;
				CLANG_CXX_LANGUAGE_STANDARD = "gnu++0x";
				CLANG_CXX_LIBRARY = "libc++";
				CLANG_ENABLE_MODULES = YES;
				CLANG_ENABLE_OBJC_ARC = YES;
				CLANG_WARN_BOOL_CONVERSION = YES;
				CLANG_WARN_CONSTANT_CONVERSION = YES;
				CLANG_WARN_DIRECT_OBJC_ISA_USAGE = YES_ERROR;
				CLANG_WARN_EMPTY_BODY = YES;
				CLANG_WARN_ENUM_CONVERSION = YES;
				CLANG_WARN_INT_CONVERSION = YES;
				CLANG_WARN_OBJC_ROOT_CLASS = YES_ERROR;
				CLANG_WARN_UNREACHABLE_CODE = YES;
				CLANG_WARN__DUPLICATE_METHOD_MATCH = YES;
				"CODE_SIGN_IDENTITY[sdk=iphoneos*]" = "iPhone Developer";
				COPY_PHASE_STRIP = NO;
				DEBUG_INFORMATION_FORMAT = dwarf;
				ENABLE_STRICT_OBJC_MSGSEND = YES;
				ENABLE_TESTABILITY = YES;
				GCC_C_LANGUAGE_STANDARD = gnu99;
				GCC_DYNAMIC_NO_PIC = NO;
				GCC_NO_COMMON_BLOCKS = YES;
				GCC_OPTIMIZATION_LEVEL = 0;
				GCC_PREPROCESSOR_DEFINITIONS = (
					"DEBUG=1",
					"$(inherited)",
				);
				GCC_WARN_64_TO_32_BIT_CONVERSION = YES;
				GCC_WARN_ABOUT_RETURN_TYPE = YES_ERROR;
				GCC_WARN_UNDECLARED_SELECTOR = YES;
				GCC_WARN_UNINITIALIZED_AUTOS = YES_AGGRESSIVE;
				GCC_WARN_UNUSED_FUNCTION = YES;
				GCC_WARN_UNUSED_VARIABLE = YES;
				IPHONEOS_DEPLOYMENT_TARGET = 9.2;
				MTL_ENABLE_DEBUG_INFO = YES;
				ONLY_ACTIVE_ARCH = YES;
				SDKROOT = iphoneos;
			};
			name = Debug;
		};
		046BA7071D06624700AB165A /* Release */ = {
			isa = XCBuildConfiguration;
			buildSettings = {
				ALWAYS_SEARCH_USER_PATHS = NO;
				CLANG_CXX_LANGUAGE_STANDARD = "gnu++0x";
				CLANG_CXX_LIBRARY = "libc++";
				CLANG_ENABLE_MODULES = YES;
				CLANG_ENABLE_OBJC_ARC = YES;
				CLANG_WARN_BOOL_CONVERSION = YES;
				CLANG_WARN_CONSTANT_CONVERSION = YES;
				CLANG_WARN_DIRECT_OBJC_ISA_USAGE = YES_ERROR;
				CLANG_WARN_EMPTY_BODY = YES;
				CLANG_WARN_ENUM_CONVERSION = YES;
				CLANG_WARN_INT_CONVERSION = YES;
				CLANG_WARN_OBJC_ROOT_CLASS = YES_ERROR;
				CLANG_WARN_UNREACHABLE_CODE = YES;
				CLANG_WARN__DUPLICATE_METHOD_MATCH = YES;
				"CODE_SIGN_IDENTITY[sdk=iphoneos*]" = "iPhone Developer";
				COPY_PHASE_STRIP = NO;
				DEBUG_INFORMATION_FORMAT = "dwarf-with-dsym";
				ENABLE_NS_ASSERTIONS = NO;
				ENABLE_STRICT_OBJC_MSGSEND = YES;
				GCC_C_LANGUAGE_STANDARD = gnu99;
				GCC_NO_COMMON_BLOCKS = YES;
				GCC_WARN_64_TO_32_BIT_CONVERSION = YES;
				GCC_WARN_ABOUT_RETURN_TYPE = YES_ERROR;
				GCC_WARN_UNDECLARED_SELECTOR = YES;
				GCC_WARN_UNINITIALIZED_AUTOS = YES_AGGRESSIVE;
				GCC_WARN_UNUSED_FUNCTION = YES;
				GCC_WARN_UNUSED_VARIABLE = YES;
				IPHONEOS_DEPLOYMENT_TARGET = 9.2;
				MTL_ENABLE_DEBUG_INFO = NO;
				SDKROOT = iphoneos;
				VALIDATE_PRODUCT = YES;
			};
			name = Release;
		};
		046BA7091D06624700AB165A /* Debug */ = {
			isa = XCBuildConfiguration;
			buildSettings = {
				ASSETCATALOG_COMPILER_APPICON_NAME = AppIcon;
				INFOPLIST_FILE = GitTest/Info.plist;
				LD_RUNPATH_SEARCH_PATHS = "$(inherited) @executable_path/Frameworks";
				PRODUCT_BUNDLE_IDENTIFIER = com.Zhiyou100.GitTest;
				PRODUCT_NAME = "$(TARGET_NAME)";
			};
			name = Debug;
		};
		046BA70A1D06624700AB165A /* Release */ = {
			isa = XCBuildConfiguration;
			buildSettings = {
				ASSETCATALOG_COMPILER_APPICON_NAME = AppIcon;
				INFOPLIST_FILE = GitTest/Info.plist;
				LD_RUNPATH_SEARCH_PATHS = "$(inherited) @executable_path/Frameworks";
				PRODUCT_BUNDLE_IDENTIFIER = com.Zhiyou100.GitTest;
				PRODUCT_NAME = "$(TARGET_NAME)";
			};
			name = Release;
		};
/* End XCBuildConfiguration section */

/* Begin XCConfigurationList section */
		046BA6EC1D06624700AB165A /* Build configuration list for PBXProject "GitTest" */ = {
			isa = XCConfigurationList;
			buildConfigurations = (
				046BA7061D06624700AB165A /* Debug */,
				046BA7071D06624700AB165A /* Release */,
			);
			defaultConfigurationIsVisible = 0;
			defaultConfigurationName = Release;
		};
		046BA7081D06624700AB165A /* Build configuration list for PBXNativeTarget "GitTest" */ = {
			isa = XCConfigurationList;
			buildConfigurations = (
				046BA7091D06624700AB165A /* Debug */,
				046BA70A1D06624700AB165A /* Release */,
			);
			defaultConfigurationIsVisible = 0;
		};
/* End XCConfigurationList section */
	};
	rootObject = 046BA6E91D06624700AB165A /* Project object */;
}
